// !$*UTF8*$!
{
	archiveVersion = 1;
	classes = {
	};
	objectVersion = 46;
	objects = {

/* Begin PBXBuildFile section */
		5FA0ABDA213B546A00A2A6A6 /* AppDelegate.swift in Sources */ = {isa = PBXBuildFile; fileRef = 5FA0ABD9213B546A00A2A6A6 /* AppDelegate.swift */; };
		5FA0ABDC213B546A00A2A6A6 /* ViewController.swift in Sources */ = {isa = PBXBuildFile; fileRef = 5FA0ABDB213B546A00A2A6A6 /* ViewController.swift */; };
		5FA0ABDF213B546B00A2A6A6 /* Main.storyboard in Resources */ = {isa = PBXBuildFile; fileRef = 5FA0ABDD213B546B00A2A6A6 /* Main.storyboard */; };
		5FA0ABE1213B546B00A2A6A6 /* Assets.xcassets in Resources */ = {isa = PBXBuildFile; fileRef = 5FA0ABE0213B546B00A2A6A6 /* Assets.xcassets */; };
		5FA0ABE4213B546B00A2A6A6 /* LaunchScreen.storyboard in Resources */ = {isa = PBXBuildFile; fileRef = 5FA0ABE2213B546B00A2A6A6 /* LaunchScreen.storyboard */; };
		5FA0ABEC213B54F000A2A6A6 /* AnyDayGuest.swift in Sources */ = {isa = PBXBuildFile; fileRef = 5FA0ABEB213B54F000A2A6A6 /* AnyDayGuest.swift */; };
		5FA0ABEE213B550200A2A6A6 /* SwipePass.swift in Sources */ = {isa = PBXBuildFile; fileRef = 5FA0ABED213B550200A2A6A6 /* SwipePass.swift */; };
		5FA0ABF0213B551600A2A6A6 /* ParkEmployee.swift in Sources */ = {isa = PBXBuildFile; fileRef = 5FA0ABEF213B551600A2A6A6 /* ParkEmployee.swift */; };
		5FA0ABF2213B552400A2A6A6 /* TestCases.swift in Sources */ = {isa = PBXBuildFile; fileRef = 5FA0ABF1213B552400A2A6A6 /* TestCases.swift */; };
/* End PBXBuildFile section */

/* Begin PBXFileReference section */
		5FA0ABD6213B546A00A2A6A6 /* iOS AmusementParkPass2.app */ = {isa = PBXFileReference; explicitFileType = wrapper.application; includeInIndex = 0; path = "iOS AmusementParkPass2.app"; sourceTree = BUILT_PRODUCTS_DIR; };
		5FA0ABD9213B546A00A2A6A6 /* AppDelegate.swift */ = {isa = PBXFileReference; lastKnownFileType = sourcecode.swift; path = AppDelegate.swift; sourceTree = "<group>"; };
		5FA0ABDB213B546A00A2A6A6 /* ViewController.swift */ = {isa = PBXFileReference; lastKnownFileType = sourcecode.swift; path = ViewController.swift; sourceTree = "<group>"; };
		5FA0ABDE213B546B00A2A6A6 /* Base */ = {isa = PBXFileReference; lastKnownFileType = file.storyboard; name = Base; path = Base.lproj/Main.storyboard; sourceTree = "<group>"; };
		5FA0ABE0213B546B00A2A6A6 /* Assets.xcassets */ = {isa = PBXFileReference; lastKnownFileType = folder.assetcatalog; path = Assets.xcassets; sourceTree = "<group>"; };
		5FA0ABE3213B546B00A2A6A6 /* Base */ = {isa = PBXFileReference; lastKnownFileType = file.storyboard; name = Base; path = Base.lproj/LaunchScreen.storyboard; sourceTree = "<group>"; };
		5FA0ABE5213B546B00A2A6A6 /* Info.plist */ = {isa = PBXFileReference; lastKnownFileType = text.plist.xml; path = Info.plist; sourceTree = "<group>"; };
		5FA0ABEB213B54F000A2A6A6 /* AnyDayGuest.swift */ = {isa = PBXFileReference; fileEncoding = 4; lastKnownFileType = sourcecode.swift; name = AnyDayGuest.swift; path = ../AnyDayGuest.swift; sourceTree = "<group>"; };
		5FA0ABED213B550200A2A6A6 /* SwipePass.swift */ = {isa = PBXFileReference; fileEncoding = 4; lastKnownFileType = sourcecode.swift; name = SwipePass.swift; path = ../SwipePass.swift; sourceTree = "<group>"; };
		5FA0ABEF213B551600A2A6A6 /* ParkEmployee.swift */ = {isa = PBXFileReference; fileEncoding = 4; lastKnownFileType = sourcecode.swift; name = ParkEmployee.swift; path = ../ParkEmployee.swift; sourceTree = "<group>"; };
		5FA0ABF1213B552400A2A6A6 /* TestCases.swift */ = {isa = PBXFileReference; fileEncoding = 4; lastKnownFileType = sourcecode.swift; name = TestCases.swift; path = ../TestCases.swift; sourceTree = "<group>"; };
/* End PBXFileReference section */

/* Begin PBXFrameworksBuildPhase section */
		5FA0ABD3213B546A00A2A6A6 /* Frameworks */ = {
			isa = PBXFrameworksBuildPhase;
			buildActionMask = 2147483647;
			files = (
			);
			runOnlyForDeploymentPostprocessing = 0;
		};
/* End PBXFrameworksBuildPhase section */

/* Begin PBXGroup section */
		5FA0ABCD213B546A00A2A6A6 = {
			isa = PBXGroup;
			children = (
				5FA0ABD8213B546A00A2A6A6 /* iOS AmusementParkPass2 */,
				5FA0ABD7213B546A00A2A6A6 /* Products */,
			);
			sourceTree = "<group>";
		};
		5FA0ABD7213B546A00A2A6A6 /* Products */ = {
			isa = PBXGroup;
			children = (
				5FA0ABD6213B546A00A2A6A6 /* iOS AmusementParkPass2.app */,
			);
			name = Products;
			sourceTree = "<group>";
		};
		5FA0ABD8213B546A00A2A6A6 /* iOS AmusementParkPass2 */ = {
			isa = PBXGroup;
			children = (
				5FA0ABD9213B546A00A2A6A6 /* AppDelegate.swift */,
				5FA0ABDB213B546A00A2A6A6 /* ViewController.swift */,
				5FA0ABEB213B54F000A2A6A6 /* AnyDayGuest.swift */,
				5FA0ABED213B550200A2A6A6 /* SwipePass.swift */,
				5FA0ABEF213B551600A2A6A6 /* ParkEmployee.swift */,
				5FA0ABF1213B552400A2A6A6 /* TestCases.swift */,
				5FA0ABDD213B546B00A2A6A6 /* Main.storyboard */,
				5FA0ABE0213B546B00A2A6A6 /* Assets.xcassets */,
				5FA0ABE2213B546B00A2A6A6 /* LaunchScreen.storyboard */,
				5FA0ABE5213B546B00A2A6A6 /* Info.plist */,
			);
			path = "iOS AmusementParkPass2";
			sourceTree = "<group>";
		};
/* End PBXGroup section */

/* Begin PBXNativeTarget section */
		5FA0ABD5213B546A00A2A6A6 /* iOS AmusementParkPass2 */ = {
			isa = PBXNativeTarget;
			buildConfigurationList = 5FA0ABE8213B546B00A2A6A6 /* Build configuration list for PBXNativeTarget "iOS AmusementParkPass2" */;
			buildPhases = (
				5FA0ABD2213B546A00A2A6A6 /* Sources */,
				5FA0ABD3213B546A00A2A6A6 /* Frameworks */,
				5FA0ABD4213B546A00A2A6A6 /* Resources */,
			);
			buildRules = (
			);
			dependencies = (
			);
			name = "iOS AmusementParkPass2";
			productName = "iOS AmusementParkPass2";
			productReference = 5FA0ABD6213B546A00A2A6A6 /* iOS AmusementParkPass2.app */;
			productType = "com.apple.product-type.application";
		};
/* End PBXNativeTarget section */

/* Begin PBXProject section */
		5FA0ABCE213B546A00A2A6A6 /* Project object */ = {
			isa = PBXProject;
			attributes = {
				LastSwiftUpdateCheck = 0820;
				LastUpgradeCheck = 0820;
				ORGANIZATIONNAME = "Treehouse Island";
				TargetAttributes = {
					5FA0ABD5213B546A00A2A6A6 = {
						CreatedOnToolsVersion = 8.2.1;
						ProvisioningStyle = Automatic;
					};
				};
			};
			buildConfigurationList = 5FA0ABD1213B546A00A2A6A6 /* Build configuration list for PBXProject "iOS AmusementParkPass2" */;
			compatibilityVersion = "Xcode 3.2";
			developmentRegion = English;
			hasScannedForEncodings = 0;
			knownRegions = (
				en,
				Base,
			);
			mainGroup = 5FA0ABCD213B546A00A2A6A6;
			productRefGroup = 5FA0ABD7213B546A00A2A6A6 /* Products */;
			projectDirPath = "";
			projectRoot = "";
			targets = (
				5FA0ABD5213B546A00A2A6A6 /* iOS AmusementParkPass2 */,
			);
		};
/* End PBXProject section */

/* Begin PBXResourcesBuildPhase section */
		5FA0ABD4213B546A00A2A6A6 /* Resources */ = {
			isa = PBXResourcesBuildPhase;
			buildActionMask = 2147483647;
			files = (
				5FA0ABE4213B546B00A2A6A6 /* LaunchScreen.storyboard in Resources */,
				5FA0ABE1213B546B00A2A6A6 /* Assets.xcassets in Resources */,
				5FA0ABDF213B546B00A2A6A6 /* Main.storyboard in Resources */,
			);
			runOnlyForDeploymentPostprocessing = 0;
		};
/* End PBXResourcesBuildPhase section */

/* Begin PBXSourcesBuildPhase section */
		5FA0ABD2213B546A00A2A6A6 /* Sources */ = {
			isa = PBXSourcesBuildPhase;
			buildActionMask = 2147483647;
			files = (
				5FA0ABEC213B54F000A2A6A6 /* AnyDayGuest.swift in Sources */,
				5FA0ABF0213B551600A2A6A6 /* ParkEmployee.swift in Sources */,
				5FA0ABEE213B550200A2A6A6 /* SwipePass.swift in Sources */,
				5FA0ABDC213B546A00A2A6A6 /* ViewController.swift in Sources */,
				5FA0ABDA213B546A00A2A6A6 /* AppDelegate.swift in Sources */,
				5FA0ABF2213B552400A2A6A6 /* TestCases.swift in Sources */,
			);
			runOnlyForDeploymentPostprocessing = 0;
		};
/* End PBXSourcesBuildPhase section */

/* Begin PBXVariantGroup section */
		5FA0ABDD213B546B00A2A6A6 /* Main.storyboard */ = {
			isa = PBXVariantGroup;
			children = (
				5FA0ABDE213B546B00A2A6A6 /* Base */,
			);
			name = Main.storyboard;
			sourceTree = "<group>";
		};
		5FA0ABE2213B546B00A2A6A6 /* LaunchScreen.storyboard */ = {
			isa = PBXVariantGroup;
			children = (
				5FA0ABE3213B546B00A2A6A6 /* Base */,
			);
			name = LaunchScreen.storyboard;
			sourceTree = "<group>";
		};
/* End PBXVariantGroup section */

/* Begin XCBuildConfiguration section */
		5FA0ABE6213B546B00A2A6A6 /* Debug */ = {
			isa = XCBuildConfiguration;
			buildSettings = {
				ALWAYS_SEARCH_USER_PATHS = NO;
				CLANG_ANALYZER_NONNULL = YES;
				CLANG_CXX_LANGUAGE_STANDARD = "gnu++0x";
				CLANG_CXX_LIBRARY = "libc++";
				CLANG_ENABLE_MODULES = YES;
				CLANG_ENABLE_OBJC_ARC = YES;
				CLANG_WARN_BOOL_CONVERSION = YES;
				CLANG_WARN_CONSTANT_CONVERSION = YES;
				CLANG_WARN_DIRECT_OBJC_ISA_USAGE = YES_ERROR;
				CLANG_WARN_DOCUMENTATION_COMMENTS = YES;
				CLANG_WARN_EMPTY_BODY = YES;
				CLANG_WARN_ENUM_CONVERSION = YES;
				CLANG_WARN_INFINITE_RECURSION = YES;
				CLANG_WARN_INT_CONVERSION = YES;
				CLANG_WARN_OBJC_ROOT_CLASS = YES_ERROR;
				CLANG_WARN_SUSPICIOUS_MOVE = YES;
				CLANG_WARN_UNREACHABLE_CODE = YES;
				CLANG_WARN__DUPLICATE_METHOD_MATCH = YES;
				"CODE_SIGN_IDENTITY[sdk=iphoneos*]" = "iPhone Developer";
				COPY_PHASE_STRIP = NO;
				DEBUG_INFORMATION_FORMAT = dwarf;
				ENABLE_STRICT_OBJC_MSGSEND = YES;
				ENABLE_TESTABILITY = YES;
				GCC_C_LANGUAGE_STANDARD = gnu99;
				GCC_DYNAMIC_NO_PIC = NO;
				GCC_NO_COMMON_BLOCKS = YES;
				GCC_OPTIMIZATION_LEVEL = 0;
				GCC_PREPROCESSOR_DEFINITIONS = (
					"DEBUG=1",
					"$(inherited)",
				);
				GCC_WARN_64_TO_32_BIT_CONVERSION = YES;
				GCC_WARN_ABOUT_RETURN_TYPE = YES_ERROR;
				GCC_WARN_UNDECLARED_SELECTOR = YES;
				GCC_WARN_UNINITIALIZED_AUTOS = YES_AGGRESSIVE;
				GCC_WARN_UNUSED_FUNCTION = YES;
				GCC_WARN_UNUSED_VARIABLE = YES;
				IPHONEOS_DEPLOYMENT_TARGET = 10.2;
				MTL_ENABLE_DEBUG_INFO = YES;
				ONLY_ACTIVE_ARCH = YES;
				SDKROOT = iphoneos;
				SWIFT_ACTIVE_COMPILATION_CONDITIONS = DEBUG;
				SWIFT_OPTIMIZATION_LEVEL = "-Onone";
			};
			name = Debug;
		};
		5FA0ABE7213B546B00A2A6A6 /* Release */ = {
			isa = XCBuildConfiguration;
			buildSettings = {
				ALWAYS_SEARCH_USER_PATHS = NO;
				CLANG_ANALYZER_NONNULL = YES;
				CLANG_CXX_LANGUAGE_STANDARD = "gnu++0x";
				CLANG_CXX_LIBRARY = "libc++";
				CLANG_ENABLE_MODULES = YES;
				CLANG_ENABLE_OBJC_ARC = YES;
				CLANG_WARN_BOOL_CONVERSION = YES;
				CLANG_WARN_CONSTANT_CONVERSION = YES;
				CLANG_WARN_DIRECT_OBJC_ISA_USAGE = YES_ERROR;
				CLANG_WARN_DOCUMENTATION_COMMENTS = YES;
				CLANG_WARN_EMPTY_BODY = YES;
				CLANG_WARN_ENUM_CONVERSION = YES;
				CLANG_WARN_INFINITE_RECURSION = YES;
				CLANG_WARN_INT_CONVERSION = YES;
				CLANG_WARN_OBJC_ROOT_CLASS = YES_ERROR;
				CLANG_WARN_SUSPICIOUS_MOVE = YES;
				CLANG_WARN_UNREACHABLE_CODE = YES;
				CLANG_WARN__DUPLICATE_METHOD_MATCH = YES;
				"CODE_SIGN_IDENTITY[sdk=iphoneos*]" = "iPhone Developer";
				COPY_PHASE_STRIP = NO;
				DEBUG_INFORMATION_FORMAT = "dwarf-with-dsym";
				ENABLE_NS_ASSERTIONS = NO;
				ENABLE_STRICT_OBJC_MSGSEND = YES;
				GCC_C_LANGUAGE_STANDARD = gnu99;
				GCC_NO_COMMON_BLOCKS = YES;
				GCC_WARN_64_TO_32_BIT_CONVERSION = YES;
				GCC_WARN_ABOUT_RETURN_TYPE = YES_ERROR;
				GCC_WARN_UNDECLARED_SELECTOR = YES;
				GCC_WARN_UNINITIALIZED_AUTOS = YES_AGGRESSIVE;
				GCC_WARN_UNUSED_FUNCTION = YES;
				GCC_WARN_UNUSED_VARIABLE = YES;
				IPHONEOS_DEPLOYMENT_TARGET = 10.2;
				MTL_ENABLE_DEBUG_INFO = NO;
				SDKROOT = iphoneos;
				SWIFT_OPTIMIZATION_LEVEL = "-Owholemodule";
				VALIDATE_PRODUCT = YES;
			};
			name = Release;
		};
		5FA0ABE9213B546B00A2A6A6 /* Debug */ = {
			isa = XCBuildConfiguration;
			buildSettings = {
				ASSETCATALOG_COMPILER_APPICON_NAME = AppIcon;
				INFOPLIST_FILE = "iOS AmusementParkPass2/Info.plist";
				LD_RUNPATH_SEARCH_PATHS = "$(inherited) @executable_path/Frameworks";
				PRODUCT_BUNDLE_IDENTIFIER = "com.teamtreehouse.iOS-AmusementParkPass2";
				PRODUCT_NAME = "$(TARGET_NAME)";
				SWIFT_VERSION = 3.0;
			};
			name = Debug;
		};
		5FA0ABEA213B546B00A2A6A6 /* Release */ = {
			isa = XCBuildConfiguration;
			buildSettings = {
				ASSETCATALOG_COMPILER_APPICON_NAME = AppIcon;
				INFOPLIST_FILE = "iOS AmusementParkPass2/Info.plist";
				LD_RUNPATH_SEARCH_PATHS = "$(inherited) @executable_path/Frameworks";
				PRODUCT_BUNDLE_IDENTIFIER = "com.teamtreehouse.iOS-AmusementParkPass2";
				PRODUCT_NAME = "$(TARGET_NAME)";
				SWIFT_VERSION = 3.0;
			};
			name = Release;
		};
/* End XCBuildConfiguration section */

/* Begin XCConfigurationList section */
		5FA0ABD1213B546A00A2A6A6 /* Build configuration list for PBXProject "iOS AmusementParkPass2" */ = {
			isa = XCConfigurationList;
			buildConfigurations = (
				5FA0ABE6213B546B00A2A6A6 /* Debug */,
				5FA0ABE7213B546B00A2A6A6 /* Release */,
			);
			defaultConfigurationIsVisible = 0;
			defaultConfigurationName = Release;
		};
		5FA0ABE8213B546B00A2A6A6 /* Build configuration list for PBXNativeTarget "iOS AmusementParkPass2" */ = {
			isa = XCConfigurationList;
			buildConfigurations = (
				5FA0ABE9213B546B00A2A6A6 /* Debug */,
				5FA0ABEA213B546B00A2A6A6 /* Release */,
			);
			defaultConfigurationIsVisible = 0;
		};
/* End XCConfigurationList section */
	};
	rootObject = 5FA0ABCE213B546A00A2A6A6 /* Project object */;
}
